// !$*UTF8*$!
{
	archiveVersion = 1;
	classes = {
	};
	objectVersion = 77;
	objects = {

/* Begin PBXBuildFile section */
		62F4F99A2E130DFB0036112B /* AppLinksSDK in Frameworks */ = {isa = PBXBuildFile; productRef = 62F4F9992E130DFB0036112B /* AppLinksSDK */; };
/* End PBXBuildFile section */

/* Begin PBXContainerItemProxy section */
		62F4F96E2E130CEE0036112B /* PBXContainerItemProxy */ = {
			isa = PBXContainerItemProxy;
			containerPortal = 62F4F9572E130CEC0036112B /* Project object */;
			proxyType = 1;
			remoteGlobalIDString = 62F4F95E2E130CEC0036112B;
			remoteInfo = AppLinksDemo;
		};
		62F4F9782E130CEE0036112B /* PBXContainerItemProxy */ = {
			isa = PBXContainerItemProxy;
			containerPortal = 62F4F9572E130CEC0036112B /* Project object */;
			proxyType = 1;
			remoteGlobalIDString = 62F4F95E2E130CEC0036112B;
			remoteInfo = AppLinksDemo;
		};
/* End PBXContainerItemProxy section */

/* Begin PBXFileReference section */
		62F4F95F2E130CEC0036112B /* AppLinksDemo.app */ = {isa = PBXFileReference; explicitFileType = wrapper.application; includeInIndex = 0; path = AppLinksDemo.app; sourceTree = BUILT_PRODUCTS_DIR; };
		62F4F96D2E130CEE0036112B /* AppLinksDemoTests.xctest */ = {isa = PBXFileReference; explicitFileType = wrapper.cfbundle; includeInIndex = 0; path = AppLinksDemoTests.xctest; sourceTree = BUILT_PRODUCTS_DIR; };
		62F4F9772E130CEE0036112B /* AppLinksDemoUITests.xctest */ = {isa = PBXFileReference; explicitFileType = wrapper.cfbundle; includeInIndex = 0; path = AppLinksDemoUITests.xctest; sourceTree = BUILT_PRODUCTS_DIR; };
/* End PBXFileReference section */

/* Begin PBXFileSystemSynchronizedBuildFileExceptionSet section */
		62F4F9B82E1319CF0036112B /* Exceptions for "AppLinksDemo" folder in "AppLinksDemo" target */ = {
			isa = PBXFileSystemSynchronizedBuildFileExceptionSet;
			membershipExceptions = (
				Info.plist,
			);
			target = 62F4F95E2E130CEC0036112B /* AppLinksDemo */;
		};
/* End PBXFileSystemSynchronizedBuildFileExceptionSet section */

/* Begin PBXFileSystemSynchronizedRootGroup section */
		62F4F9612E130CEC0036112B /* AppLinksDemo */ = {
			isa = PBXFileSystemSynchronizedRootGroup;
			exceptions = (
				62F4F9B82E1319CF0036112B /* Exceptions for "AppLinksDemo" folder in "AppLinksDemo" target */,
			);
			path = AppLinksDemo;
			sourceTree = "<group>";
		};
		62F4F9702E130CEE0036112B /* AppLinksDemoTests */ = {
			isa = PBXFileSystemSynchronizedRootGroup;
			path = AppLinksDemoTests;
			sourceTree = "<group>";
		};
		62F4F97A2E130CEE0036112B /* AppLinksDemoUITests */ = {
			isa = PBXFileSystemSynchronizedRootGroup;
			path = AppLinksDemoUITests;
			sourceTree = "<group>";
		};
/* End PBXFileSystemSynchronizedRootGroup section */

/* Begin PBXFrameworksBuildPhase section */
		62F4F95C2E130CEC0036112B /* Frameworks */ = {
			isa = PBXFrameworksBuildPhase;
			buildActionMask = 2147483647;
			files = (
				62F4F99A2E130DFB0036112B /* AppLinksSDK in Frameworks */,
			);
			runOnlyForDeploymentPostprocessing = 0;
		};
		62F4F96A2E130CEE0036112B /* Frameworks */ = {
			isa = PBXFrameworksBuildPhase;
			buildActionMask = 2147483647;
			files = (
			);
			runOnlyForDeploymentPostprocessing = 0;
		};
		62F4F9742E130CEE0036112B /* Frameworks */ = {
			isa = PBXFrameworksBuildPhase;
			buildActionMask = 2147483647;
			files = (
			);
			runOnlyForDeploymentPostprocessing = 0;
		};
/* End PBXFrameworksBuildPhase section */

/* Begin PBXGroup section */
		62F4F9562E130CEC0036112B = {
			isa = PBXGroup;
			children = (
				62F4F9612E130CEC0036112B /* AppLinksDemo */,
				62F4F9702E130CEE0036112B /* AppLinksDemoTests */,
				62F4F97A2E130CEE0036112B /* AppLinksDemoUITests */,
				62F4F9982E130DFB0036112B /* Frameworks */,
				62F4F9602E130CEC0036112B /* Products */,
			);
			sourceTree = "<group>";
		};
		62F4F9602E130CEC0036112B /* Products */ = {
			isa = PBXGroup;
			children = (
				62F4F95F2E130CEC0036112B /* AppLinksDemo.app */,
				62F4F96D2E130CEE0036112B /* AppLinksDemoTests.xctest */,
				62F4F9772E130CEE0036112B /* AppLinksDemoUITests.xctest */,
			);
			name = Products;
			sourceTree = "<group>";
		};
		62F4F9982E130DFB0036112B /* Frameworks */ = {
			isa = PBXGroup;
			children = (
			);
			name = Frameworks;
			sourceTree = "<group>";
		};
/* End PBXGroup section */

/* Begin PBXNativeTarget section */
		62F4F95E2E130CEC0036112B /* AppLinksDemo */ = {
			isa = PBXNativeTarget;
			buildConfigurationList = 62F4F9812E130CEE0036112B /* Build configuration list for PBXNativeTarget "AppLinksDemo" */;
			buildPhases = (
				62F4F95B2E130CEC0036112B /* Sources */,
				62F4F95C2E130CEC0036112B /* Frameworks */,
				62F4F95D2E130CEC0036112B /* Resources */,
			);
			buildRules = (
			);
			dependencies = (
			);
			fileSystemSynchronizedGroups = (
				62F4F9612E130CEC0036112B /* AppLinksDemo */,
			);
			name = AppLinksDemo;
			packageProductDependencies = (
				62F4F9992E130DFB0036112B /* AppLinksSDK */,
			);
			productName = AppLinksDemo;
			productReference = 62F4F95F2E130CEC0036112B /* AppLinksDemo.app */;
			productType = "com.apple.product-type.application";
		};
		62F4F96C2E130CEE0036112B /* AppLinksDemoTests */ = {
			isa = PBXNativeTarget;
			buildConfigurationList = 62F4F9842E130CEE0036112B /* Build configuration list for PBXNativeTarget "AppLinksDemoTests" */;
			buildPhases = (
				62F4F9692E130CEE0036112B /* Sources */,
				62F4F96A2E130CEE0036112B /* Frameworks */,
				62F4F96B2E130CEE0036112B /* Resources */,
			);
			buildRules = (
			);
			dependencies = (
				62F4F96F2E130CEE0036112B /* PBXTargetDependency */,
			);
			fileSystemSynchronizedGroups = (
				62F4F9702E130CEE0036112B /* AppLinksDemoTests */,
			);
			name = AppLinksDemoTests;
			packageProductDependencies = (
			);
			productName = AppLinksDemoTests;
			productReference = 62F4F96D2E130CEE0036112B /* AppLinksDemoTests.xctest */;
			productType = "com.apple.product-type.bundle.unit-test";
		};
		62F4F9762E130CEE0036112B /* AppLinksDemoUITests */ = {
			isa = PBXNativeTarget;
			buildConfigurationList = 62F4F9872E130CEE0036112B /* Build configuration list for PBXNativeTarget "AppLinksDemoUITests" */;
			buildPhases = (
				62F4F9732E130CEE0036112B /* Sources */,
				62F4F9742E130CEE0036112B /* Frameworks */,
				62F4F9752E130CEE0036112B /* Resources */,
			);
			buildRules = (
			);
			dependencies = (
				62F4F9792E130CEE0036112B /* PBXTargetDependency */,
			);
			fileSystemSynchronizedGroups = (
				62F4F97A2E130CEE0036112B /* AppLinksDemoUITests */,
			);
			name = AppLinksDemoUITests;
			packageProductDependencies = (
			);
			productName = AppLinksDemoUITests;
			productReference = 62F4F9772E130CEE0036112B /* AppLinksDemoUITests.xctest */;
			productType = "com.apple.product-type.bundle.ui-testing";
		};
/* End PBXNativeTarget section */

/* Begin PBXProject section */
		62F4F9572E130CEC0036112B /* Project object */ = {
			isa = PBXProject;
			attributes = {
				BuildIndependentTargetsInParallel = 1;
				LastSwiftUpdateCheck = 1640;
				LastUpgradeCheck = 1640;
				TargetAttributes = {
					62F4F95E2E130CEC0036112B = {
						CreatedOnToolsVersion = 16.4;
					};
					62F4F96C2E130CEE0036112B = {
						CreatedOnToolsVersion = 16.4;
						TestTargetID = 62F4F95E2E130CEC0036112B;
					};
					62F4F9762E130CEE0036112B = {
						CreatedOnToolsVersion = 16.4;
						TestTargetID = 62F4F95E2E130CEC0036112B;
					};
				};
			};
			buildConfigurationList = 62F4F95A2E130CEC0036112B /* Build configuration list for PBXProject "AppLinksDemo" */;
			developmentRegion = en;
			hasScannedForEncodings = 0;
			knownRegions = (
				en,
				Base,
			);
			mainGroup = 62F4F9562E130CEC0036112B;
			minimizedProjectReferenceProxies = 1;
			packageReferences = (
				62F4F98A2E130D7E0036112B /* XCLocalSwiftPackageReference "../AppLinksSDK" */,
			);
			preferredProjectObjectVersion = 77;
			productRefGroup = 62F4F9602E130CEC0036112B /* Products */;
			projectDirPath = "";
			projectRoot = "";
			targets = (
				62F4F95E2E130CEC0036112B /* AppLinksDemo */,
				62F4F96C2E130CEE0036112B /* AppLinksDemoTests */,
				62F4F9762E130CEE0036112B /* AppLinksDemoUITests */,
			);
		};
/* End PBXProject section */

/* Begin PBXResourcesBuildPhase section */
		62F4F95D2E130CEC0036112B /* Resources */ = {
			isa = PBXResourcesBuildPhase;
			buildActionMask = 2147483647;
			files = (
			);
			runOnlyForDeploymentPostprocessing = 0;
		};
		62F4F96B2E130CEE0036112B /* Resources */ = {
			isa = PBXResourcesBuildPhase;
			buildActionMask = 2147483647;
			files = (
			);
			runOnlyForDeploymentPostprocessing = 0;
		};
		62F4F9752E130CEE0036112B /* Resources */ = {
			isa = PBXResourcesBuildPhase;
			buildActionMask = 2147483647;
			files = (
			);
			runOnlyForDeploymentPostprocessing = 0;
		};
/* End PBXResourcesBuildPhase section */

/* Begin PBXSourcesBuildPhase section */
		62F4F95B2E130CEC0036112B /* Sources */ = {
			isa = PBXSourcesBuildPhase;
			buildActionMask = 2147483647;
			files = (
			);
			runOnlyForDeploymentPostprocessing = 0;
		};
		62F4F9692E130CEE0036112B /* Sources */ = {
			isa = PBXSourcesBuildPhase;
			buildActionMask = 2147483647;
			files = (
			);
			runOnlyForDeploymentPostprocessing = 0;
		};
		62F4F9732E130CEE0036112B /* Sources */ = {
			isa = PBXSourcesBuildPhase;
			buildActionMask = 2147483647;
			files = (
			);
			runOnlyForDeploymentPostprocessing = 0;
		};
/* End PBXSourcesBuildPhase section */

/* Begin PBXTargetDependency section */
		62F4F96F2E130CEE0036112B /* PBXTargetDependency */ = {
			isa = PBXTargetDependency;
			target = 62F4F95E2E130CEC0036112B /* AppLinksDemo */;
			targetProxy = 62F4F96E2E130CEE0036112B /* PBXContainerItemProxy */;
		};
		62F4F9792E130CEE0036112B /* PBXTargetDependency */ = {
			isa = PBXTargetDependency;
			target = 62F4F95E2E130CEC0036112B /* AppLinksDemo */;
			targetProxy = 62F4F9782E130CEE0036112B /* PBXContainerItemProxy */;
		};
/* End PBXTargetDependency section */

/* Begin XCBuildConfiguration section */
		62F4F97F2E130CEE0036112B /* Debug */ = {
			isa = XCBuildConfiguration;
			buildSettings = {
				ALWAYS_SEARCH_USER_PATHS = NO;
				ASSETCATALOG_COMPILER_GENERATE_SWIFT_ASSET_SYMBOL_EXTENSIONS = YES;
				CLANG_ANALYZER_NONNULL = YES;
				CLANG_ANALYZER_NUMBER_OBJECT_CONVERSION = YES_AGGRESSIVE;
				CLANG_CXX_LANGUAGE_STANDARD = "gnu++20";
				CLANG_ENABLE_MODULES = YES;
				CLANG_ENABLE_OBJC_ARC = YES;
				CLANG_ENABLE_OBJC_WEAK = YES;
				CLANG_WARN_BLOCK_CAPTURE_AUTORELEASING = YES;
				CLANG_WARN_BOOL_CONVERSION = YES;
				CLANG_WARN_COMMA = YES;
				CLANG_WARN_CONSTANT_CONVERSION = YES;
				CLANG_WARN_DEPRECATED_OBJC_IMPLEMENTATIONS = YES;
				CLANG_WARN_DIRECT_OBJC_ISA_USAGE = YES_ERROR;
				CLANG_WARN_DOCUMENTATION_COMMENTS = YES;
				CLANG_WARN_EMPTY_BODY = YES;
				CLANG_WARN_ENUM_CONVERSION = YES;
				CLANG_WARN_INFINITE_RECURSION = YES;
				CLANG_WARN_INT_CONVERSION = YES;
				CLANG_WARN_NON_LITERAL_NULL_CONVERSION = YES;
				CLANG_WARN_OBJC_IMPLICIT_RETAIN_SELF = YES;
				CLANG_WARN_OBJC_LITERAL_CONVERSION = YES;
				CLANG_WARN_OBJC_ROOT_CLASS = YES_ERROR;
				CLANG_WARN_QUOTED_INCLUDE_IN_FRAMEWORK_HEADER = YES;
				CLANG_WARN_RANGE_LOOP_ANALYSIS = YES;
				CLANG_WARN_STRICT_PROTOTYPES = YES;
				CLANG_WARN_SUSPICIOUS_MOVE = YES;
				CLANG_WARN_UNGUARDED_AVAILABILITY = YES_AGGRESSIVE;
				CLANG_WARN_UNREACHABLE_CODE = YES;
				CLANG_WARN__DUPLICATE_METHOD_MATCH = YES;
				COPY_PHASE_STRIP = NO;
				DEBUG_INFORMATION_FORMAT = dwarf;
				DEVELOPMENT_TEAM = 36V463PDAY;
				ENABLE_STRICT_OBJC_MSGSEND = YES;
				ENABLE_TESTABILITY = YES;
				ENABLE_USER_SCRIPT_SANDBOXING = YES;
				GCC_C_LANGUAGE_STANDARD = gnu17;
				GCC_DYNAMIC_NO_PIC = NO;
				GCC_NO_COMMON_BLOCKS = YES;
				GCC_OPTIMIZATION_LEVEL = 0;
				GCC_PREPROCESSOR_DEFINITIONS = (
					"DEBUG=1",
					"$(inherited)",
				);
				GCC_WARN_64_TO_32_BIT_CONVERSION = YES;
				GCC_WARN_ABOUT_RETURN_TYPE = YES_ERROR;
				GCC_WARN_UNDECLARED_SELECTOR = YES;
				GCC_WARN_UNINITIALIZED_AUTOS = YES_AGGRESSIVE;
				GCC_WARN_UNUSED_FUNCTION = YES;
				GCC_WARN_UNUSED_VARIABLE = YES;
				LOCALIZATION_PREFERS_STRING_CATALOGS = YES;
				MTL_ENABLE_DEBUG_INFO = INCLUDE_SOURCE;
				MTL_FAST_MATH = YES;
				ONLY_ACTIVE_ARCH = YES;
				SWIFT_ACTIVE_COMPILATION_CONDITIONS = "DEBUG $(inherited)";
				SWIFT_OPTIMIZATION_LEVEL = "-Onone";
			};
			name = Debug;
		};
		62F4F9802E130CEE0036112B /* Release */ = {
			isa = XCBuildConfiguration;
			buildSettings = {
				ALWAYS_SEARCH_USER_PATHS = NO;
				ASSETCATALOG_COMPILER_GENERATE_SWIFT_ASSET_SYMBOL_EXTENSIONS = YES;
				CLANG_ANALYZER_NONNULL = YES;
				CLANG_ANALYZER_NUMBER_OBJECT_CONVERSION = YES_AGGRESSIVE;
				CLANG_CXX_LANGUAGE_STANDARD = "gnu++20";
				CLANG_ENABLE_MODULES = YES;
				CLANG_ENABLE_OBJC_ARC = YES;
				CLANG_ENABLE_OBJC_WEAK = YES;
				CLANG_WARN_BLOCK_CAPTURE_AUTORELEASING = YES;
				CLANG_WARN_BOOL_CONVERSION = YES;
				CLANG_WARN_COMMA = YES;
				CLANG_WARN_CONSTANT_CONVERSION = YES;
				CLANG_WARN_DEPRECATED_OBJC_IMPLEMENTATIONS = YES;
				CLANG_WARN_DIRECT_OBJC_ISA_USAGE = YES_ERROR;
				CLANG_WARN_DOCUMENTATION_COMMENTS = YES;
				CLANG_WARN_EMPTY_BODY = YES;
				CLANG_WARN_ENUM_CONVERSION = YES;
				CLANG_WARN_INFINITE_RECURSION = YES;
				CLANG_WARN_INT_CONVERSION = YES;
				CLANG_WARN_NON_LITERAL_NULL_CONVERSION = YES;
				CLANG_WARN_OBJC_IMPLICIT_RETAIN_SELF = YES;
				CLANG_WARN_OBJC_LITERAL_CONVERSION = YES;
				CLANG_WARN_OBJC_ROOT_CLASS = YES_ERROR;
				CLANG_WARN_QUOTED_INCLUDE_IN_FRAMEWORK_HEADER = YES;
				CLANG_WARN_RANGE_LOOP_ANALYSIS = YES;
				CLANG_WARN_STRICT_PROTOTYPES = YES;
				CLANG_WARN_SUSPICIOUS_MOVE = YES;
				CLANG_WARN_UNGUARDED_AVAILABILITY = YES_AGGRESSIVE;
				CLANG_WARN_UNREACHABLE_CODE = YES;
				CLANG_WARN__DUPLICATE_METHOD_MATCH = YES;
				COPY_PHASE_STRIP = NO;
				DEBUG_INFORMATION_FORMAT = "dwarf-with-dsym";
				DEVELOPMENT_TEAM = 36V463PDAY;
				ENABLE_NS_ASSERTIONS = NO;
				ENABLE_STRICT_OBJC_MSGSEND = YES;
				ENABLE_USER_SCRIPT_SANDBOXING = YES;
				GCC_C_LANGUAGE_STANDARD = gnu17;
				GCC_NO_COMMON_BLOCKS = YES;
				GCC_WARN_64_TO_32_BIT_CONVERSION = YES;
				GCC_WARN_ABOUT_RETURN_TYPE = YES_ERROR;
				GCC_WARN_UNDECLARED_SELECTOR = YES;
				GCC_WARN_UNINITIALIZED_AUTOS = YES_AGGRESSIVE;
				GCC_WARN_UNUSED_FUNCTION = YES;
				GCC_WARN_UNUSED_VARIABLE = YES;
				LOCALIZATION_PREFERS_STRING_CATALOGS = YES;
				MTL_ENABLE_DEBUG_INFO = NO;
				MTL_FAST_MATH = YES;
				SWIFT_COMPILATION_MODE = wholemodule;
			};
			name = Release;
		};
		62F4F9822E130CEE0036112B /* Debug */ = {
			isa = XCBuildConfiguration;
			buildSettings = {
				ASSETCATALOG_COMPILER_APPICON_NAME = AppIcon;
				ASSETCATALOG_COMPILER_GLOBAL_ACCENT_COLOR_NAME = AccentColor;
				CODE_SIGN_ENTITLEMENTS = AppLinksDemo/AppLinksDemo.entitlements;
				CODE_SIGN_STYLE = Automatic;
				CURRENT_PROJECT_VERSION = 1;
				DEVELOPMENT_TEAM = 36V463PDAY;
				ENABLE_HARDENED_RUNTIME = YES;
				ENABLE_PREVIEWS = YES;
				GENERATE_INFOPLIST_FILE = YES;
				INFOPLIST_FILE = AppLinksDemo/Info.plist;
				"INFOPLIST_KEY_UIApplicationSceneManifest_Generation[sdk=iphoneos*]" = YES;
				"INFOPLIST_KEY_UIApplicationSceneManifest_Generation[sdk=iphonesimulator*]" = YES;
				"INFOPLIST_KEY_UIApplicationSupportsIndirectInputEvents[sdk=iphoneos*]" = YES;
				"INFOPLIST_KEY_UIApplicationSupportsIndirectInputEvents[sdk=iphonesimulator*]" = YES;
				"INFOPLIST_KEY_UILaunchScreen_Generation[sdk=iphoneos*]" = YES;
				"INFOPLIST_KEY_UILaunchScreen_Generation[sdk=iphonesimulator*]" = YES;
				"INFOPLIST_KEY_UIStatusBarStyle[sdk=iphoneos*]" = UIStatusBarStyleDefault;
				"INFOPLIST_KEY_UIStatusBarStyle[sdk=iphonesimulator*]" = UIStatusBarStyleDefault;
				INFOPLIST_KEY_UISupportedInterfaceOrientations_iPad = "UIInterfaceOrientationPortrait UIInterfaceOrientationPortraitUpsideDown UIInterfaceOrientationLandscapeLeft UIInterfaceOrientationLandscapeRight";
				INFOPLIST_KEY_UISupportedInterfaceOrientations_iPhone = "UIInterfaceOrientationPortrait UIInterfaceOrientationLandscapeLeft UIInterfaceOrientationLandscapeRight";
				IPHONEOS_DEPLOYMENT_TARGET = 18.5;
				LD_RUNPATH_SEARCH_PATHS = "@executable_path/Frameworks";
				"LD_RUNPATH_SEARCH_PATHS[sdk=macosx*]" = "@executable_path/../Frameworks";
				MACOSX_DEPLOYMENT_TARGET = 15.5;
				MARKETING_VERSION = 1.0;
				PRODUCT_BUNDLE_IDENTIFIER = com.applinks.AppLinksDemo;
				PRODUCT_NAME = "$(TARGET_NAME)";
				REGISTER_APP_GROUPS = YES;
				SDKROOT = auto;
				SUPPORTED_PLATFORMS = "iphoneos iphonesimulator macosx xros xrsimulator";
				SWIFT_EMIT_LOC_STRINGS = YES;
				SWIFT_VERSION = 5.0;
				TARGETED_DEVICE_FAMILY = "1,2,7";
				XROS_DEPLOYMENT_TARGET = 2.5;
			};
			name = Debug;
		};
		62F4F9832E130CEE0036112B /* Release */ = {
			isa = XCBuildConfiguration;
			buildSettings = {
				ASSETCATALOG_COMPILER_APPICON_NAME = AppIcon;
				ASSETCATALOG_COMPILER_GLOBAL_ACCENT_COLOR_NAME = AccentColor;
				CODE_SIGN_ENTITLEMENTS = AppLinksDemo/AppLinksDemo.entitlements;
				CODE_SIGN_STYLE = Automatic;
				CURRENT_PROJECT_VERSION = 1;
				DEVELOPMENT_TEAM = 36V463PDAY;
				ENABLE_HARDENED_RUNTIME = YES;
				ENABLE_PREVIEWS = YES;
				GENERATE_INFOPLIST_FILE = YES;
				INFOPLIST_FILE = AppLinksDemo/Info.plist;
				"INFOPLIST_KEY_UIApplicationSceneManifest_Generation[sdk=iphoneos*]" = YES;
				"INFOPLIST_KEY_UIApplicationSceneManifest_Generation[sdk=iphonesimulator*]" = YES;
				"INFOPLIST_KEY_UIApplicationSupportsIndirectInputEvents[sdk=iphoneos*]" = YES;
				"INFOPLIST_KEY_UIApplicationSupportsIndirectInputEvents[sdk=iphonesimulator*]" = YES;
				"INFOPLIST_KEY_UILaunchScreen_Generation[sdk=iphoneos*]" = YES;
				"INFOPLIST_KEY_UILaunchScreen_Generation[sdk=iphonesimulator*]" = YES;
				"INFOPLIST_KEY_UIStatusBarStyle[sdk=iphoneos*]" = UIStatusBarStyleDefault;
				"INFOPLIST_KEY_UIStatusBarStyle[sdk=iphonesimulator*]" = UIStatusBarStyleDefault;
				INFOPLIST_KEY_UISupportedInterfaceOrientations_iPad = "UIInterfaceOrientationPortrait UIInterfaceOrientationPortraitUpsideDown UIInterfaceOrientationLandscapeLeft UIInterfaceOrientationLandscapeRight";
				INFOPLIST_KEY_UISupportedInterfaceOrientations_iPhone = "UIInterfaceOrientationPortrait UIInterfaceOrientationLandscapeLeft UIInterfaceOrientationLandscapeRight";
				IPHONEOS_DEPLOYMENT_TARGET = 18.5;
				LD_RUNPATH_SEARCH_PATHS = "@executable_path/Frameworks";
				"LD_RUNPATH_SEARCH_PATHS[sdk=macosx*]" = "@executable_path/../Frameworks";
				MACOSX_DEPLOYMENT_TARGET = 15.5;
				MARKETING_VERSION = 1.0;
				PRODUCT_BUNDLE_IDENTIFIER = com.applinks.AppLinksDemo;
				PRODUCT_NAME = "$(TARGET_NAME)";
				REGISTER_APP_GROUPS = YES;
				SDKROOT = auto;
				SUPPORTED_PLATFORMS = "iphoneos iphonesimulator macosx xros xrsimulator";
				SWIFT_EMIT_LOC_STRINGS = YES;
				SWIFT_VERSION = 5.0;
				TARGETED_DEVICE_FAMILY = "1,2,7";
				XROS_DEPLOYMENT_TARGET = 2.5;
			};
			name = Release;
		};
		62F4F9852E130CEE0036112B /* Debug */ = {
			isa = XCBuildConfiguration;
			buildSettings = {
				BUNDLE_LOADER = "$(TEST_HOST)";
				CODE_SIGN_STYLE = Automatic;
				CURRENT_PROJECT_VERSION = 1;
				DEVELOPMENT_TEAM = 36V463PDAY;
				GENERATE_INFOPLIST_FILE = YES;
				IPHONEOS_DEPLOYMENT_TARGET = 18.5;
				MACOSX_DEPLOYMENT_TARGET = 15.5;
				MARKETING_VERSION = 1.0;
				PRODUCT_BUNDLE_IDENTIFIER = com.applinks.AppLinksDemoTests;
				PRODUCT_NAME = "$(TARGET_NAME)";
				SDKROOT = auto;
				SUPPORTED_PLATFORMS = "iphoneos iphonesimulator macosx xros xrsimulator";
				SWIFT_EMIT_LOC_STRINGS = NO;
				SWIFT_VERSION = 5.0;
				TARGETED_DEVICE_FAMILY = "1,2,7";
				TEST_HOST = "$(BUILT_PRODUCTS_DIR)/AppLinksDemo.app/$(BUNDLE_EXECUTABLE_FOLDER_PATH)/AppLinksDemo";
				XROS_DEPLOYMENT_TARGET = 2.5;
			};
			name = Debug;
		};
		62F4F9862E130CEE0036112B /* Release */ = {
			isa = XCBuildConfiguration;
			buildSettings = {
				BUNDLE_LOADER = "$(TEST_HOST)";
				CODE_SIGN_STYLE = Automatic;
				CURRENT_PROJECT_VERSION = 1;
				DEVELOPMENT_TEAM = 36V463PDAY;
				GENERATE_INFOPLIST_FILE = YES;
				IPHONEOS_DEPLOYMENT_TARGET = 18.5;
				MACOSX_DEPLOYMENT_TARGET = 15.5;
				MARKETING_VERSION = 1.0;
				PRODUCT_BUNDLE_IDENTIFIER = com.applinks.AppLinksDemoTests;
				PRODUCT_NAME = "$(TARGET_NAME)";
				SDKROOT = auto;
				SUPPORTED_PLATFORMS = "iphoneos iphonesimulator macosx xros xrsimulator";
				SWIFT_EMIT_LOC_STRINGS = NO;
				SWIFT_VERSION = 5.0;
				TARGETED_DEVICE_FAMILY = "1,2,7";
				TEST_HOST = "$(BUILT_PRODUCTS_DIR)/AppLinksDemo.app/$(BUNDLE_EXECUTABLE_FOLDER_PATH)/AppLinksDemo";
				XROS_DEPLOYMENT_TARGET = 2.5;
			};
			name = Release;
		};
		62F4F9882E130CEE0036112B /* Debug */ = {
			isa = XCBuildConfiguration;
			buildSettings = {
				CODE_SIGN_STYLE = Automatic;
				CURRENT_PROJECT_VERSION = 1;
				DEVELOPMENT_TEAM = 36V463PDAY;
				GENERATE_INFOPLIST_FILE = YES;
				IPHONEOS_DEPLOYMENT_TARGET = 18.5;
				MACOSX_DEPLOYMENT_TARGET = 15.5;
				MARKETING_VERSION = 1.0;
				PRODUCT_BUNDLE_IDENTIFIER = com.applinks.AppLinksDemoUITests;
				PRODUCT_NAME = "$(TARGET_NAME)";
				SDKROOT = auto;
				SUPPORTED_PLATFORMS = "iphoneos iphonesimulator macosx xros xrsimulator";
				SWIFT_EMIT_LOC_STRINGS = NO;
				SWIFT_VERSION = 5.0;
				TARGETED_DEVICE_FAMILY = "1,2,7";
				TEST_TARGET_NAME = AppLinksDemo;
				XROS_DEPLOYMENT_TARGET = 2.5;
			};
			name = Debug;
		};
		62F4F9892E130CEE0036112B /* Release */ = {
			isa = XCBuildConfiguration;
			buildSettings = {
				CODE_SIGN_STYLE = Automatic;
				CURRENT_PROJECT_VERSION = 1;
				DEVELOPMENT_TEAM = 36V463PDAY;
				GENERATE_INFOPLIST_FILE = YES;
				IPHONEOS_DEPLOYMENT_TARGET = 18.5;
				MACOSX_DEPLOYMENT_TARGET = 15.5;
				MARKETING_VERSION = 1.0;
				PRODUCT_BUNDLE_IDENTIFIER = com.applinks.AppLinksDemoUITests;
				PRODUCT_NAME = "$(TARGET_NAME)";
				SDKROOT = auto;
				SUPPORTED_PLATFORMS = "iphoneos iphonesimulator macosx xros xrsimulator";
				SWIFT_EMIT_LOC_STRINGS = NO;
				SWIFT_VERSION = 5.0;
				TARGETED_DEVICE_FAMILY = "1,2,7";
				TEST_TARGET_NAME = AppLinksDemo;
				XROS_DEPLOYMENT_TARGET = 2.5;
			};
			name = Release;
		};
/* End XCBuildConfiguration section */

/* Begin XCConfigurationList section */
		62F4F95A2E130CEC0036112B /* Build configuration list for PBXProject "AppLinksDemo" */ = {
			isa = XCConfigurationList;
			buildConfigurations = (
				62F4F97F2E130CEE0036112B /* Debug */,
				62F4F9802E130CEE0036112B /* Release */,
			);
			defaultConfigurationIsVisible = 0;
			defaultConfigurationName = Release;
		};
		62F4F9812E130CEE0036112B /* Build configuration list for PBXNativeTarget "AppLinksDemo" */ = {
			isa = XCConfigurationList;
			buildConfigurations = (
				62F4F9822E130CEE0036112B /* Debug */,
				62F4F9832E130CEE0036112B /* Release */,
			);
			defaultConfigurationIsVisible = 0;
			defaultConfigurationName = Release;
		};
		62F4F9842E130CEE0036112B /* Build configuration list for PBXNativeTarget "AppLinksDemoTests" */ = {
			isa = XCConfigurationList;
			buildConfigurations = (
				62F4F9852E130CEE0036112B /* Debug */,
				62F4F9862E130CEE0036112B /* Release */,
			);
			defaultConfigurationIsVisible = 0;
			defaultConfigurationName = Release;
		};
		62F4F9872E130CEE0036112B /* Build configuration list for PBXNativeTarget "AppLinksDemoUITests" */ = {
			isa = XCConfigurationList;
			buildConfigurations = (
				62F4F9882E130CEE0036112B /* Debug */,
				62F4F9892E130CEE0036112B /* Release */,
			);
			defaultConfigurationIsVisible = 0;
			defaultConfigurationName = Release;
		};
/* End XCConfigurationList section */

/* Begin XCLocalSwiftPackageReference section */
		62F4F98A2E130D7E0036112B /* XCLocalSwiftPackageReference "../AppLinksSDK" */ = {
			isa = XCLocalSwiftPackageReference;
			relativePath = ../AppLinksSDK;
		};
/* End XCLocalSwiftPackageReference section */

/* Begin XCSwiftPackageProductDependency section */
		62F4F9992E130DFB0036112B /* AppLinksSDK */ = {
			isa = XCSwiftPackageProductDependency;
			package = 62F4F98A2E130D7E0036112B /* XCLocalSwiftPackageReference "../AppLinksSDK" */;
			productName = AppLinksSDK;
		};
/* End XCSwiftPackageProductDependency section */
	};
	rootObject = 62F4F9572E130CEC0036112B /* Project object */;
}
